<?xml version="1.0" encoding="utf-8"?>
<Project ToolsVersion="4.0" xmlns="http://schemas.microsoft.com/developer/msbuild/2003">
  <ItemGroup>
    <Filter Include="Source Files">
      <UniqueIdentifier>{4FC737F1-C7A5-4376-A066-2A32D752A2FF}</UniqueIdentifier>
      <Extensions>cpp;c;cc;cxx;def;odl;idl;hpj;bat;asm;asmx</Extensions>
    </Filter>
    <Filter Include="Header Files">
      <UniqueIdentifier>{93995380-89BD-4b04-88EB-625FBE52EBFB}</UniqueIdentifier>
      <Extensions>h;hpp;hxx;hm;inl;inc;xsd</Extensions>
    </Filter>
    <Filter Include="Resource Files">
      <UniqueIdentifier>{67DA6AB6-F800-4c08-8B7A-83BB121AAD01}</UniqueIdentifier>
      <Extensions>rc;ico;cur;bmp;dlg;rc2;rct;bin;rgs;gif;jpg;jpeg;jpe;resx;tiff;tif;png;wav;mfcribbon-ms</Extensions>
    </Filter>
  </ItemGroup>
  <ItemGroup>
    <ClInclude Include="dcc\pre\token.h">
      <Filter>Header Files</Filter>
    </ClInclude>
    <ClInclude Include="dcc\source_range.h">
      <Filter>Header Files</Filter>
    </ClInclude>
    <ClInclude Include="dcc\file.h">
      <Filter>Header Files</Filter>
    </ClInclude>
    <ClInclude Include="dcc\pre\preprocessor.h">
      <Filter>Header Files</Filter>
    </ClInclude>
    <ClInclude Include="dcc\front\token.h">
      <Filter>Header Files</Filter>
    </ClInclude>
    <ClInclude Include="dcc\front\parser.h">
      <Filter>Header Files</Filter>
    </ClInclude>
    <ClInclude Include="dcc\io.h">
      <Filter>Header Files</Filter>
    </ClInclude>
    <ClInclude Include="dcc\platform.h">
      <Filter>Header Files</Filter>
    </ClInclude>
    <ClInclude Include="dcc\out\output.h">
      <Filter>Header Files</Filter>
    </ClInclude>
    <ClInclude Include="dcc\out\console\ansi_color_console.h">
      <Filter>Header Files</Filter>
    </ClInclude>
    <ClInclude Include="dcc\out\console\clang_console.h">
      <Filter>Header Files</Filter>
    </ClInclude>
    <ClInclude Include="dcc\out\console.h">
      <Filter>Header Files</Filter>
    </ClInclude>
    <ClInclude Include="dcc\out\console\plain_console.h">
      <Filter>Header Files</Filter>
    </ClInclude>
    <ClInclude Include="dcc\out\console\windows_console.h">
      <Filter>Header Files</Filter>
    </ClInclude>
    <ClInclude Include="dcc\out\output\standard_output.h">
      <Filter>Header Files</Filter>
    </ClInclude>
    <ClInclude Include="dcc\out\output\windows_output.h">
      <Filter>Header Files</Filter>
    </ClInclude>
    <ClInclude Include="dcc\unicode.h">
      <Filter>Header Files</Filter>
    </ClInclude>
    <ClInclude Include="dcc\io\file_reader.h">
      <Filter>Header Files</Filter>
    </ClInclude>
  </ItemGroup>
  <ItemGroup>
    <ClCompile Include="test\main.cpp">
      <Filter>Source Files</Filter>
    </ClCompile>
    <ClCompile Include="dcc\file.cpp">
      <Filter>Source Files</Filter>
    </ClCompile>
    <ClCompile Include="dcc\source_range.cpp">
      <Filter>Source Files</Filter>
    </ClCompile>
    <ClCompile Include="dcc\io.cpp">
      <Filter>Source Files</Filter>
    </ClCompile>
    <ClCompile Include="dcc\out\console\ansi_color_console.cpp">
      <Filter>Source Files</Filter>
    </ClCompile>
    <ClCompile Include="dcc\out\console\clang_console.cpp">
      <Filter>Source Files</Filter>
    </ClCompile>
    <ClCompile Include="dcc\out\console.cpp">
      <Filter>Source Files</Filter>
    </ClCompile>
    <ClCompile Include="dcc\out\console\plain_console.cpp">
      <Filter>Source Files</Filter>
    </ClCompile>
    <ClCompile Include="dcc\out\console\windows_console.cpp">
      <Filter>Source Files</Filter>
    </ClCompile>
    <ClCompile Include="dcc\out\output\standard_output.cpp">
      <Filter>Source Files</Filter>
    </ClCompile>
    <ClCompile Include="dcc\out\output\windows_output.cpp">
      <Filter>Source Files</Filter>
    </ClCompile>
    <ClCompile Include="dcc\io\file_reader.cpp">
      <Filter>Source Files</Filter>
    </ClCompile>
  </ItemGroup>
  <ItemGroup>
    <Text Include="test\test.txt" />
  </ItemGroup>
</Project>